
Microsoft Visual Studio Solution File, Format Version 12.00
# Visual Studio Version 17
VisualStudioVersion = 17.11.35327.3
MinimumVisualStudioVersion = 10.0.40219.1
Project("{8BC9CEB8-8B4A-11D0-8D11-00A0C91BC942}") = "the-nomad", "the-nomad.vcxproj", "{8FED5E46-5B9B-4A0C-85ED-C8ABA3B4EA50}"
	ProjectSection(ProjectDependencies) = postProject
		{419A3C5D-CB86-4435-8EAA-676AD4D6D11A} = {419A3C5D-CB86-4435-8EAA-676AD4D6D11A}
		{5E1215AB-D01D-4011-B188-2AD3F10E9669} = {5E1215AB-D01D-4011-B188-2AD3F10E9669}
		{6F0D1D13-6455-49E7-A259-9C8F8F95A054} = {6F0D1D13-6455-49E7-A259-9C8F8F95A054}
		{A063DFAD-6995-4E1A-AFFF-E43DC11E95B1} = {A063DFAD-6995-4E1A-AFFF-E43DC11E95B1}
		{ED0E4B86-8415-4BAD-BDB9-02E74AD6188B} = {ED0E4B86-8415-4BAD-BDB9-02E74AD6188B}
	EndProjectSection
EndProject
Project("{8BC9CEB8-8B4A-11D0-8D11-00A0C91BC942}") = "rendergl", "code\rendergl\rendergl.vcxproj", "{ED0E4B86-8415-4BAD-BDB9-02E74AD6188B}"
	ProjectSection(ProjectDependencies) = postProject
		{A063DFAD-6995-4E1A-AFFF-E43DC11E95B1} = {A063DFAD-6995-4E1A-AFFF-E43DC11E95B1}
	EndProjectSection
EndProject
Project("{8BC9CEB8-8B4A-11D0-8D11-00A0C91BC942}") = "pthread_static_lib", "..\pthread-win32\windows\VS2022\pthread_lib.2022.vcxproj", "{A063DFAD-6995-4E1A-AFFF-E43DC11E95B1}"
EndProject
Project("{8BC9CEB8-8B4A-11D0-8D11-00A0C91BC942}") = "angelscript", "code\angelscript\angelscript.vcxproj", "{5E1215AB-D01D-4011-B188-2AD3F10E9669}"
EndProject
Project("{8BC9CEB8-8B4A-11D0-8D11-00A0C91BC942}") = "libjpeg", "code\libjpeg\libjpeg.vcxproj", "{6F0D1D13-6455-49E7-A259-9C8F8F95A054}"
EndProject
Project("{8BC9CEB8-8B4A-11D0-8D11-00A0C91BC942}") = "EASTL", "code\EASTL\EASTL.vcxproj", "{419A3C5D-CB86-4435-8EAA-676AD4D6D11A}"
EndProject
Global
	GlobalSection(SolutionConfigurationPlatforms) = preSolution
		Debug|ARM = Debug|ARM
		Debug|ARM64 = Debug|ARM64
		Debug|x64 = Debug|x64
		Debug|x86 = Debug|x86
		Release|ARM = Release|ARM
		Release|ARM64 = Release|ARM64
		Release|x64 = Release|x64
		Release|x86 = Release|x86
	EndGlobalSection
	GlobalSection(ProjectConfigurationPlatforms) = postSolution
		{8FED5E46-5B9B-4A0C-85ED-C8ABA3B4EA50}.Debug|ARM.ActiveCfg = Debug|x64
		{8FED5E46-5B9B-4A0C-85ED-C8ABA3B4EA50}.Debug|ARM.Build.0 = Debug|x64
		{8FED5E46-5B9B-4A0C-85ED-C8ABA3B4EA50}.Debug|ARM64.ActiveCfg = Debug|x64
		{8FED5E46-5B9B-4A0C-85ED-C8ABA3B4EA50}.Debug|ARM64.Build.0 = Debug|x64
		{8FED5E46-5B9B-4A0C-85ED-C8ABA3B4EA50}.Debug|x64.ActiveCfg = Debug|x64
		{8FED5E46-5B9B-4A0C-85ED-C8ABA3B4EA50}.Debug|x64.Build.0 = Debug|x64
		{8FED5E46-5B9B-4A0C-85ED-C8ABA3B4EA50}.Debug|x86.ActiveCfg = Debug|Win32
		{8FED5E46-5B9B-4A0C-85ED-C8ABA3B4EA50}.Debug|x86.Build.0 = Debug|Win32
		{8FED5E46-5B9B-4A0C-85ED-C8ABA3B4EA50}.Release|ARM.ActiveCfg = Release|x64
		{8FED5E46-5B9B-4A0C-85ED-C8ABA3B4EA50}.Release|ARM.Build.0 = Release|x64
		{8FED5E46-5B9B-4A0C-85ED-C8ABA3B4EA50}.Release|ARM64.ActiveCfg = Release|x64
		{8FED5E46-5B9B-4A0C-85ED-C8ABA3B4EA50}.Release|ARM64.Build.0 = Release|x64
		{8FED5E46-5B9B-4A0C-85ED-C8ABA3B4EA50}.Release|x64.ActiveCfg = Release|x64
		{8FED5E46-5B9B-4A0C-85ED-C8ABA3B4EA50}.Release|x64.Build.0 = Release|x64
		{8FED5E46-5B9B-4A0C-85ED-C8ABA3B4EA50}.Release|x86.ActiveCfg = Release|Win32
		{8FED5E46-5B9B-4A0C-85ED-C8ABA3B4EA50}.Release|x86.Build.0 = Release|Win32
		{ED0E4B86-8415-4BAD-BDB9-02E74AD6188B}.Debug|ARM.ActiveCfg = Debug|x64
		{ED0E4B86-8415-4BAD-BDB9-02E74AD6188B}.Debug|ARM.Build.0 = Debug|x64
		{ED0E4B86-8415-4BAD-BDB9-02E74AD6188B}.Debug|ARM64.ActiveCfg = Debug|x64
		{ED0E4B86-8415-4BAD-BDB9-02E74AD6188B}.Debug|ARM64.Build.0 = Debug|x64
		{ED0E4B86-8415-4BAD-BDB9-02E74AD6188B}.Debug|x64.ActiveCfg = Debug|x64
		{ED0E4B86-8415-4BAD-BDB9-02E74AD6188B}.Debug|x64.Build.0 = Debug|x64
		{ED0E4B86-8415-4BAD-BDB9-02E74AD6188B}.Debug|x86.ActiveCfg = Debug|Win32
		{ED0E4B86-8415-4BAD-BDB9-02E74AD6188B}.Debug|x86.Build.0 = Debug|Win32
		{ED0E4B86-8415-4BAD-BDB9-02E74AD6188B}.Release|ARM.ActiveCfg = Release|x64
		{ED0E4B86-8415-4BAD-BDB9-02E74AD6188B}.Release|ARM.Build.0 = Release|x64
		{ED0E4B86-8415-4BAD-BDB9-02E74AD6188B}.Release|ARM64.ActiveCfg = Release|x64
		{ED0E4B86-8415-4BAD-BDB9-02E74AD6188B}.Release|ARM64.Build.0 = Release|x64
		{ED0E4B86-8415-4BAD-BDB9-02E74AD6188B}.Release|x64.ActiveCfg = Release|x64
		{ED0E4B86-8415-4BAD-BDB9-02E74AD6188B}.Release|x64.Build.0 = Release|x64
		{ED0E4B86-8415-4BAD-BDB9-02E74AD6188B}.Release|x86.ActiveCfg = Release|Win32
		{ED0E4B86-8415-4BAD-BDB9-02E74AD6188B}.Release|x86.Build.0 = Release|Win32
		{A063DFAD-6995-4E1A-AFFF-E43DC11E95B1}.Debug|ARM.ActiveCfg = Debug|x64
		{A063DFAD-6995-4E1A-AFFF-E43DC11E95B1}.Debug|ARM.Build.0 = Debug|x64
		{A063DFAD-6995-4E1A-AFFF-E43DC11E95B1}.Debug|ARM64.ActiveCfg = Debug|x64
		{A063DFAD-6995-4E1A-AFFF-E43DC11E95B1}.Debug|ARM64.Build.0 = Debug|x64
		{A063DFAD-6995-4E1A-AFFF-E43DC11E95B1}.Debug|x64.ActiveCfg = Debug|x64
		{A063DFAD-6995-4E1A-AFFF-E43DC11E95B1}.Debug|x64.Build.0 = Debug|x64
		{A063DFAD-6995-4E1A-AFFF-E43DC11E95B1}.Debug|x86.ActiveCfg = Debug|Win32
		{A063DFAD-6995-4E1A-AFFF-E43DC11E95B1}.Debug|x86.Build.0 = Debug|Win32
		{A063DFAD-6995-4E1A-AFFF-E43DC11E95B1}.Release|ARM.ActiveCfg = Release|x64
		{A063DFAD-6995-4E1A-AFFF-E43DC11E95B1}.Release|ARM.Build.0 = Release|x64
		{A063DFAD-6995-4E1A-AFFF-E43DC11E95B1}.Release|ARM64.ActiveCfg = Release|x64
		{A063DFAD-6995-4E1A-AFFF-E43DC11E95B1}.Release|ARM64.Build.0 = Release|x64
		{A063DFAD-6995-4E1A-AFFF-E43DC11E95B1}.Release|x64.ActiveCfg = Release|x64
		{A063DFAD-6995-4E1A-AFFF-E43DC11E95B1}.Release|x64.Build.0 = Release|x64
		{A063DFAD-6995-4E1A-AFFF-E43DC11E95B1}.Release|x86.ActiveCfg = Release|Win32
		{A063DFAD-6995-4E1A-AFFF-E43DC11E95B1}.Release|x86.Build.0 = Release|Win32
		{5E1215AB-D01D-4011-B188-2AD3F10E9669}.Debug|ARM.ActiveCfg = Debug|x64
		{5E1215AB-D01D-4011-B188-2AD3F10E9669}.Debug|ARM.Build.0 = Debug|x64
		{5E1215AB-D01D-4011-B188-2AD3F10E9669}.Debug|ARM64.ActiveCfg = Debug|x64
		{5E1215AB-D01D-4011-B188-2AD3F10E9669}.Debug|ARM64.Build.0 = Debug|x64
		{5E1215AB-D01D-4011-B188-2AD3F10E9669}.Debug|x64.ActiveCfg = Debug|x64
		{5E1215AB-D01D-4011-B188-2AD3F10E9669}.Debug|x64.Build.0 = Debug|x64
		{5E1215AB-D01D-4011-B188-2AD3F10E9669}.Debug|x86.ActiveCfg = Debug|Win32
		{5E1215AB-D01D-4011-B188-2AD3F10E9669}.Debug|x86.Build.0 = Debug|Win32
		{5E1215AB-D01D-4011-B188-2AD3F10E9669}.Release|ARM.ActiveCfg = Release|x64
		{5E1215AB-D01D-4011-B188-2AD3F10E9669}.Release|ARM.Build.0 = Release|x64
		{5E1215AB-D01D-4011-B188-2AD3F10E9669}.Release|ARM64.ActiveCfg = Release|x64
		{5E1215AB-D01D-4011-B188-2AD3F10E9669}.Release|ARM64.Build.0 = Release|x64
		{5E1215AB-D01D-4011-B188-2AD3F10E9669}.Release|x64.ActiveCfg = Release|x64
		{5E1215AB-D01D-4011-B188-2AD3F10E9669}.Release|x64.Build.0 = Release|x64
		{5E1215AB-D01D-4011-B188-2AD3F10E9669}.Release|x86.ActiveCfg = Release|Win32
		{5E1215AB-D01D-4011-B188-2AD3F10E9669}.Release|x86.Build.0 = Release|Win32
		{6F0D1D13-6455-49E7-A259-9C8F8F95A054}.Debug|ARM.ActiveCfg = Debug|x64
		{6F0D1D13-6455-49E7-A259-9C8F8F95A054}.Debug|ARM.Build.0 = Debug|x64
		{6F0D1D13-6455-49E7-A259-9C8F8F95A054}.Debug|ARM64.ActiveCfg = Debug|x64
		{6F0D1D13-6455-49E7-A259-9C8F8F95A054}.Debug|ARM64.Build.0 = Debug|x64
		{6F0D1D13-6455-49E7-A259-9C8F8F95A054}.Debug|x64.ActiveCfg = Debug|x64
		{6F0D1D13-6455-49E7-A259-9C8F8F95A054}.Debug|x64.Build.0 = Debug|x64
		{6F0D1D13-6455-49E7-A259-9C8F8F95A054}.Debug|x86.ActiveCfg = Debug|Win32
		{6F0D1D13-6455-49E7-A259-9C8F8F95A054}.Debug|x86.Build.0 = Debug|Win32
		{6F0D1D13-6455-49E7-A259-9C8F8F95A054}.Release|ARM.ActiveCfg = Release|x64
		{6F0D1D13-6455-49E7-A259-9C8F8F95A054}.Release|ARM.Build.0 = Release|x64
		{6F0D1D13-6455-49E7-A259-9C8F8F95A054}.Release|ARM64.ActiveCfg = Release|x64
		{6F0D1D13-6455-49E7-A259-9C8F8F95A054}.Release|ARM64.Build.0 = Release|x64
		{6F0D1D13-6455-49E7-A259-9C8F8F95A054}.Release|x64.ActiveCfg = Release|x64
		{6F0D1D13-6455-49E7-A259-9C8F8F95A054}.Release|x64.Build.0 = Release|x64
		{6F0D1D13-6455-49E7-A259-9C8F8F95A054}.Release|x86.ActiveCfg = Release|Win32
		{6F0D1D13-6455-49E7-A259-9C8F8F95A054}.Release|x86.Build.0 = Release|Win32
		{419A3C5D-CB86-4435-8EAA-676AD4D6D11A}.Debug|ARM.ActiveCfg = Debug|x64
		{419A3C5D-CB86-4435-8EAA-676AD4D6D11A}.Debug|ARM.Build.0 = Debug|x64
		{419A3C5D-CB86-4435-8EAA-676AD4D6D11A}.Debug|ARM64.ActiveCfg = Debug|x64
		{419A3C5D-CB86-4435-8EAA-676AD4D6D11A}.Debug|ARM64.Build.0 = Debug|x64
		{419A3C5D-CB86-4435-8EAA-676AD4D6D11A}.Debug|x64.ActiveCfg = Debug|x64
		{419A3C5D-CB86-4435-8EAA-676AD4D6D11A}.Debug|x64.Build.0 = Debug|x64
		{419A3C5D-CB86-4435-8EAA-676AD4D6D11A}.Debug|x86.ActiveCfg = Debug|Win32
		{419A3C5D-CB86-4435-8EAA-676AD4D6D11A}.Debug|x86.Build.0 = Debug|Win32
		{419A3C5D-CB86-4435-8EAA-676AD4D6D11A}.Release|ARM.ActiveCfg = Release|x64
		{419A3C5D-CB86-4435-8EAA-676AD4D6D11A}.Release|ARM64.ActiveCfg = Release|x64
		{419A3C5D-CB86-4435-8EAA-676AD4D6D11A}.Release|ARM64.Build.0 = Release|x64
		{419A3C5D-CB86-4435-8EAA-676AD4D6D11A}.Release|x64.ActiveCfg = Release|x64
		{419A3C5D-CB86-4435-8EAA-676AD4D6D11A}.Release|x64.Build.0 = Release|x64
		{419A3C5D-CB86-4435-8EAA-676AD4D6D11A}.Release|x86.ActiveCfg = Release|Win32
		{419A3C5D-CB86-4435-8EAA-676AD4D6D11A}.Release|x86.Build.0 = Release|Win32
	EndGlobalSection
	GlobalSection(SolutionProperties) = preSolution
		HideSolutionNode = FALSE
	EndGlobalSection
	GlobalSection(ExtensibilityGlobals) = postSolution
		SolutionGuid = {485F621F-E3A1-4134-ADAD-B703AF9F786E}
	EndGlobalSection
EndGlobal
